// !$*UTF8*$!
{
	archiveVersion = 1;
	classes = {
	};
	objectVersion = 51;
	objects = {

/* Begin PBXBuildFile section */
		A31EE62A250BE8740016BC5E /* ChatInputAccessaryViewCell.xib in Resources */ = {isa = PBXBuildFile; fileRef = A31EE629250BE8740016BC5E /* ChatInputAccessaryViewCell.xib */; };
		A31EE62C250BEA080016BC5E /* ChatInputAccessoryView.swift in Sources */ = {isa = PBXBuildFile; fileRef = A31EE62B250BEA080016BC5E /* ChatInputAccessoryView.swift */; };
		A31EE62E250C919F0016BC5E /* GoogleService-Info.plist in Resources */ = {isa = PBXBuildFile; fileRef = A31EE62D250C919F0016BC5E /* GoogleService-Info.plist */; };
		A32BF081251B8B3D0055EB52 /* UserList.storyboard in Resources */ = {isa = PBXBuildFile; fileRef = A32BF080251B8B3D0055EB52 /* UserList.storyboard */; };
		A32BF084251B8E970055EB52 /* UserListViewController.swift in Sources */ = {isa = PBXBuildFile; fileRef = A32BF083251B8E970055EB52 /* UserListViewController.swift */; };
		A32BF09D251B91CF0055EB52 /* UserListTableViewCell.swift in Sources */ = {isa = PBXBuildFile; fileRef = A32BF09C251B91CF0055EB52 /* UserListTableViewCell.swift */; };
		A33CA2C82509266600E78FB3 /* ChatRoomTableViewCell.xib in Resources */ = {isa = PBXBuildFile; fileRef = A33CA2C72509266600E78FB3 /* ChatRoomTableViewCell.xib */; };
		A33CA2CA25092A5200E78FB3 /* ChatRoomTableViewCell.swift in Sources */ = {isa = PBXBuildFile; fileRef = A33CA2C925092A5200E78FB3 /* ChatRoomTableViewCell.swift */; };
		A373231A2507C319004C9EDA /* AppDelegate.swift in Sources */ = {isa = PBXBuildFile; fileRef = A37323192507C319004C9EDA /* AppDelegate.swift */; };
		A373231C2507C319004C9EDA /* SceneDelegate.swift in Sources */ = {isa = PBXBuildFile; fileRef = A373231B2507C319004C9EDA /* SceneDelegate.swift */; };
		A37323232507C31A004C9EDA /* Assets.xcassets in Resources */ = {isa = PBXBuildFile; fileRef = A37323222507C31A004C9EDA /* Assets.xcassets */; };
		A37323262507C31A004C9EDA /* LaunchScreen.storyboard in Resources */ = {isa = PBXBuildFile; fileRef = A37323242507C31A004C9EDA /* LaunchScreen.storyboard */; };
		A37323302507C538004C9EDA /* ChatList.storyboard in Resources */ = {isa = PBXBuildFile; fileRef = A373232F2507C538004C9EDA /* ChatList.storyboard */; };
		A37323322507C59C004C9EDA /* ChatListViewController.swift in Sources */ = {isa = PBXBuildFile; fileRef = A37323312507C59C004C9EDA /* ChatListViewController.swift */; };
		A37323392507CA34004C9EDA /* ChatListTableViewCell.swift in Sources */ = {isa = PBXBuildFile; fileRef = A37323382507CA34004C9EDA /* ChatListTableViewCell.swift */; };
		A373233C2507CE19004C9EDA /* UIColor.swift in Sources */ = {isa = PBXBuildFile; fileRef = A373233B2507CE19004C9EDA /* UIColor.swift */; };
		A373233E2507D2A3004C9EDA /* ChatRoom.storyboard in Resources */ = {isa = PBXBuildFile; fileRef = A373233D2507D2A3004C9EDA /* ChatRoom.storyboard */; };
		A37323402507D2FD004C9EDA /* ChatRoomViewController.swift in Sources */ = {isa = PBXBuildFile; fileRef = A373233F2507D2FD004C9EDA /* ChatRoomViewController.swift */; };
		A387150E2512705800929053 /* User.swift in Sources */ = {isa = PBXBuildFile; fileRef = A387150D2512705800929053 /* User.swift */; };
		A3D03829250E797A00A10062 /* SignUp.storyboard in Resources */ = {isa = PBXBuildFile; fileRef = A3D03828250E797A00A10062 /* SignUp.storyboard */; };
		A3D0382B250E7F0A00A10062 /* SignUpViewController.swift in Sources */ = {isa = PBXBuildFile; fileRef = A3D0382A250E7F0A00A10062 /* SignUpViewController.swift */; };
		A6659FB982F210C47AE3B708 /* Pods_LineClone.framework in Frameworks */ = {isa = PBXBuildFile; fileRef = D0F6C9489118886C5A375280 /* Pods_LineClone.framework */; };
/* End PBXBuildFile section */

/* Begin PBXFileReference section */
		1BF74F61029C92EE1F3C4B61 /* Pods-LineClone.debug.xcconfig */ = {isa = PBXFileReference; includeInIndex = 1; lastKnownFileType = text.xcconfig; name = "Pods-LineClone.debug.xcconfig"; path = "Target Support Files/Pods-LineClone/Pods-LineClone.debug.xcconfig"; sourceTree = "<group>"; };
		A31EE629250BE8740016BC5E /* ChatInputAccessaryViewCell.xib */ = {isa = PBXFileReference; lastKnownFileType = file.xib; path = ChatInputAccessaryViewCell.xib; sourceTree = "<group>"; };
		A31EE62B250BEA080016BC5E /* ChatInputAccessoryView.swift */ = {isa = PBXFileReference; lastKnownFileType = sourcecode.swift; path = ChatInputAccessoryView.swift; sourceTree = "<group>"; };
		A31EE62D250C919F0016BC5E /* GoogleService-Info.plist */ = {isa = PBXFileReference; fileEncoding = 4; lastKnownFileType = text.plist.xml; path = "GoogleService-Info.plist"; sourceTree = "<group>"; };
		A32BF080251B8B3D0055EB52 /* UserList.storyboard */ = {isa = PBXFileReference; lastKnownFileType = file.storyboard; path = UserList.storyboard; sourceTree = "<group>"; };
		A32BF083251B8E970055EB52 /* UserListViewController.swift */ = {isa = PBXFileReference; lastKnownFileType = sourcecode.swift; path = UserListViewController.swift; sourceTree = "<group>"; };
		A32BF09C251B91CF0055EB52 /* UserListTableViewCell.swift */ = {isa = PBXFileReference; lastKnownFileType = sourcecode.swift; path = UserListTableViewCell.swift; sourceTree = "<group>"; };
		A33CA2C72509266600E78FB3 /* ChatRoomTableViewCell.xib */ = {isa = PBXFileReference; lastKnownFileType = file.xib; path = ChatRoomTableViewCell.xib; sourceTree = "<group>"; };
		A33CA2C925092A5200E78FB3 /* ChatRoomTableViewCell.swift */ = {isa = PBXFileReference; lastKnownFileType = sourcecode.swift; path = ChatRoomTableViewCell.swift; sourceTree = "<group>"; };
		A37323162507C319004C9EDA /* LineClone.app */ = {isa = PBXFileReference; explicitFileType = wrapper.application; includeInIndex = 0; path = LineClone.app; sourceTree = BUILT_PRODUCTS_DIR; };
		A37323192507C319004C9EDA /* AppDelegate.swift */ = {isa = PBXFileReference; lastKnownFileType = sourcecode.swift; path = AppDelegate.swift; sourceTree = "<group>"; };
		A373231B2507C319004C9EDA /* SceneDelegate.swift */ = {isa = PBXFileReference; lastKnownFileType = sourcecode.swift; path = SceneDelegate.swift; sourceTree = "<group>"; };
		A37323222507C31A004C9EDA /* Assets.xcassets */ = {isa = PBXFileReference; lastKnownFileType = folder.assetcatalog; path = Assets.xcassets; sourceTree = "<group>"; };
		A37323252507C31A004C9EDA /* Base */ = {isa = PBXFileReference; lastKnownFileType = file.storyboard; name = Base; path = Base.lproj/LaunchScreen.storyboard; sourceTree = "<group>"; };
		A37323272507C31A004C9EDA /* Info.plist */ = {isa = PBXFileReference; lastKnownFileType = text.plist.xml; path = Info.plist; sourceTree = "<group>"; };
		A373232F2507C538004C9EDA /* ChatList.storyboard */ = {isa = PBXFileReference; lastKnownFileType = file.storyboard; path = ChatList.storyboard; sourceTree = "<group>"; };
		A37323312507C59C004C9EDA /* ChatListViewController.swift */ = {isa = PBXFileReference; lastKnownFileType = sourcecode.swift; path = ChatListViewController.swift; sourceTree = "<group>"; };
		A37323382507CA34004C9EDA /* ChatListTableViewCell.swift */ = {isa = PBXFileReference; lastKnownFileType = sourcecode.swift; path = ChatListTableViewCell.swift; sourceTree = "<group>"; };
		A373233B2507CE19004C9EDA /* UIColor.swift */ = {isa = PBXFileReference; lastKnownFileType = sourcecode.swift; path = UIColor.swift; sourceTree = "<group>"; };
		A373233D2507D2A3004C9EDA /* ChatRoom.storyboard */ = {isa = PBXFileReference; lastKnownFileType = file.storyboard; path = ChatRoom.storyboard; sourceTree = "<group>"; };
		A373233F2507D2FD004C9EDA /* ChatRoomViewController.swift */ = {isa = PBXFileReference; lastKnownFileType = sourcecode.swift; path = ChatRoomViewController.swift; sourceTree = "<group>"; };
		A387150D2512705800929053 /* User.swift */ = {isa = PBXFileReference; lastKnownFileType = sourcecode.swift; path = User.swift; sourceTree = "<group>"; };
		A3D03828250E797A00A10062 /* SignUp.storyboard */ = {isa = PBXFileReference; lastKnownFileType = file.storyboard; path = SignUp.storyboard; sourceTree = "<group>"; };
		A3D0382A250E7F0A00A10062 /* SignUpViewController.swift */ = {isa = PBXFileReference; lastKnownFileType = sourcecode.swift; path = SignUpViewController.swift; sourceTree = "<group>"; };
		D0F6C9489118886C5A375280 /* Pods_LineClone.framework */ = {isa = PBXFileReference; explicitFileType = wrapper.framework; includeInIndex = 0; path = Pods_LineClone.framework; sourceTree = BUILT_PRODUCTS_DIR; };
		DBBB5EFBC407D15B3BB379C0 /* Pods-LineClone.release.xcconfig */ = {isa = PBXFileReference; includeInIndex = 1; lastKnownFileType = text.xcconfig; name = "Pods-LineClone.release.xcconfig"; path = "Target Support Files/Pods-LineClone/Pods-LineClone.release.xcconfig"; sourceTree = "<group>"; };
/* End PBXFileReference section */

/* Begin PBXFrameworksBuildPhase section */
		A37323132507C319004C9EDA /* Frameworks */ = {
			isa = PBXFrameworksBuildPhase;
			buildActionMask = 2147483647;
			files = (
				A6659FB982F210C47AE3B708 /* Pods_LineClone.framework in Frameworks */,
			);
			runOnlyForDeploymentPostprocessing = 0;
		};
/* End PBXFrameworksBuildPhase section */

/* Begin PBXGroup section */
		7C1B184F811F370B3BE736C5 /* Pods */ = {
			isa = PBXGroup;
			children = (
				1BF74F61029C92EE1F3C4B61 /* Pods-LineClone.debug.xcconfig */,
				DBBB5EFBC407D15B3BB379C0 /* Pods-LineClone.release.xcconfig */,
			);
			path = Pods;
			sourceTree = "<group>";
		};
		A33CA2C62509265000E78FB3 /* xib */ = {
			isa = PBXGroup;
			children = (
				A33CA2C72509266600E78FB3 /* ChatRoomTableViewCell.xib */,
				A31EE629250BE8740016BC5E /* ChatInputAccessaryViewCell.xib */,
			);
			path = xib;
			sourceTree = "<group>";
		};
		A373230D2507C319004C9EDA = {
			isa = PBXGroup;
			children = (
				A37323182507C319004C9EDA /* LineClone */,
				A37323172507C319004C9EDA /* Products */,
				7C1B184F811F370B3BE736C5 /* Pods */,
				BD0E487FDD05B53E303DB65D /* Frameworks */,
			);
			sourceTree = "<group>";
		};
		A37323172507C319004C9EDA /* Products */ = {
			isa = PBXGroup;
			children = (
				A37323162507C319004C9EDA /* LineClone.app */,
			);
			name = Products;
			sourceTree = "<group>";
		};
		A37323182507C319004C9EDA /* LineClone */ = {
			isa = PBXGroup;
			children = (
				A387150C2512703A00929053 /* Models */,
				A373233A2507CE08004C9EDA /* Extension */,
				A37323372507CA13004C9EDA /* TableViewCell */,
				A373232E2507C4F9004C9EDA /* ViewController */,
				A373232D2507C4E5004C9EDA /* StoryBoard */,
				A37323192507C319004C9EDA /* AppDelegate.swift */,
				A373231B2507C319004C9EDA /* SceneDelegate.swift */,
				A37323222507C31A004C9EDA /* Assets.xcassets */,
				A37323242507C31A004C9EDA /* LaunchScreen.storyboard */,
				A37323272507C31A004C9EDA /* Info.plist */,
				A31EE62D250C919F0016BC5E /* GoogleService-Info.plist */,
			);
			path = LineClone;
			sourceTree = "<group>";
		};
		A373232D2507C4E5004C9EDA /* StoryBoard */ = {
			isa = PBXGroup;
			children = (
				A373232F2507C538004C9EDA /* ChatList.storyboard */,
				A373233D2507D2A3004C9EDA /* ChatRoom.storyboard */,
				A3D03828250E797A00A10062 /* SignUp.storyboard */,
				A32BF080251B8B3D0055EB52 /* UserList.storyboard */,
			);
			path = StoryBoard;
			sourceTree = "<group>";
		};
		A373232E2507C4F9004C9EDA /* ViewController */ = {
			isa = PBXGroup;
			children = (
				A37323312507C59C004C9EDA /* ChatListViewController.swift */,
				A373233F2507D2FD004C9EDA /* ChatRoomViewController.swift */,
				A3D0382A250E7F0A00A10062 /* SignUpViewController.swift */,
				A32BF083251B8E970055EB52 /* UserListViewController.swift */,
			);
			path = ViewController;
			sourceTree = "<group>";
		};
		A37323372507CA13004C9EDA /* TableViewCell */ = {
			isa = PBXGroup;
			children = (
				A33CA2C62509265000E78FB3 /* xib */,
				A37323382507CA34004C9EDA /* ChatListTableViewCell.swift */,
				A33CA2C925092A5200E78FB3 /* ChatRoomTableViewCell.swift */,
				A31EE62B250BEA080016BC5E /* ChatInputAccessoryView.swift */,
				A32BF09C251B91CF0055EB52 /* UserListTableViewCell.swift */,
			);
			path = TableViewCell;
			sourceTree = "<group>";
		};
		A373233A2507CE08004C9EDA /* Extension */ = {
			isa = PBXGroup;
			children = (
				A373233B2507CE19004C9EDA /* UIColor.swift */,
			);
			path = Extension;
			sourceTree = "<group>";
		};
		A387150C2512703A00929053 /* Models */ = {
			isa = PBXGroup;
			children = (
				A387150D2512705800929053 /* User.swift */,
			);
			path = Models;
			sourceTree = "<group>";
		};
		BD0E487FDD05B53E303DB65D /* Frameworks */ = {
			isa = PBXGroup;
			children = (
				D0F6C9489118886C5A375280 /* Pods_LineClone.framework */,
			);
			name = Frameworks;
			sourceTree = "<group>";
		};
/* End PBXGroup section */

/* Begin PBXNativeTarget section */
		A37323152507C319004C9EDA /* LineClone */ = {
			isa = PBXNativeTarget;
			buildConfigurationList = A373232A2507C31A004C9EDA /* Build configuration list for PBXNativeTarget "LineClone" */;
			buildPhases = (
				A0D3A47C62C32E27BC0480CB /* [CP] Check Pods Manifest.lock */,
				A37323122507C319004C9EDA /* Sources */,
				A37323132507C319004C9EDA /* Frameworks */,
				A37323142507C319004C9EDA /* Resources */,
				B3716278EB8993DE785DCC81 /* [CP] Embed Pods Frameworks */,
			);
			buildRules = (
			);
			dependencies = (
			);
			name = LineClone;
			productName = LineClone;
			productReference = A37323162507C319004C9EDA /* LineClone.app */;
			productType = "com.apple.product-type.application";
		};
/* End PBXNativeTarget section */

/* Begin PBXProject section */
		A373230E2507C319004C9EDA /* Project object */ = {
			isa = PBXProject;
			attributes = {
				LastSwiftUpdateCheck = 1170;
				LastUpgradeCheck = 1170;
				ORGANIZATIONNAME = "전지훈";
				TargetAttributes = {
					A37323152507C319004C9EDA = {
						CreatedOnToolsVersion = 11.7;
					};
				};
			};
			buildConfigurationList = A37323112507C319004C9EDA /* Build configuration list for PBXProject "LineClone" */;
			compatibilityVersion = "Xcode 9.3";
			developmentRegion = en;
			hasScannedForEncodings = 0;
			knownRegions = (
				en,
				Base,
			);
			mainGroup = A373230D2507C319004C9EDA;
			productRefGroup = A37323172507C319004C9EDA /* Products */;
			projectDirPath = "";
			projectRoot = "";
			targets = (
				A37323152507C319004C9EDA /* LineClone */,
			);
		};
/* End PBXProject section */

/* Begin PBXResourcesBuildPhase section */
		A37323142507C319004C9EDA /* Resources */ = {
			isa = PBXResourcesBuildPhase;
			buildActionMask = 2147483647;
			files = (
				A32BF081251B8B3D0055EB52 /* UserList.storyboard in Resources */,
				A33CA2C82509266600E78FB3 /* ChatRoomTableViewCell.xib in Resources */,
				A37323262507C31A004C9EDA /* LaunchScreen.storyboard in Resources */,
				A31EE62A250BE8740016BC5E /* ChatInputAccessaryViewCell.xib in Resources */,
				A31EE62E250C919F0016BC5E /* GoogleService-Info.plist in Resources */,
				A37323232507C31A004C9EDA /* Assets.xcassets in Resources */,
				A37323302507C538004C9EDA /* ChatList.storyboard in Resources */,
				A3D03829250E797A00A10062 /* SignUp.storyboard in Resources */,
				A373233E2507D2A3004C9EDA /* ChatRoom.storyboard in Resources */,
			);
			runOnlyForDeploymentPostprocessing = 0;
		};
/* End PBXResourcesBuildPhase section */

/* Begin PBXShellScriptBuildPhase section */
		A0D3A47C62C32E27BC0480CB /* [CP] Check Pods Manifest.lock */ = {
			isa = PBXShellScriptBuildPhase;
			buildActionMask = 2147483647;
			files = (
			);
			inputFileListPaths = (
			);
			inputPaths = (
				"${PODS_PODFILE_DIR_PATH}/Podfile.lock",
				"${PODS_ROOT}/Manifest.lock",
			);
			name = "[CP] Check Pods Manifest.lock";
			outputFileListPaths = (
			);
			outputPaths = (
				"$(DERIVED_FILE_DIR)/Pods-LineClone-checkManifestLockResult.txt",
			);
			runOnlyForDeploymentPostprocessing = 0;
			shellPath = /bin/sh;
			shellScript = "diff \"${PODS_PODFILE_DIR_PATH}/Podfile.lock\" \"${PODS_ROOT}/Manifest.lock\" > /dev/null\nif [ $? != 0 ] ; then\n    # print error to STDERR\n    echo \"error: The sandbox is not in sync with the Podfile.lock. Run 'pod install' or update your CocoaPods installation.\" >&2\n    exit 1\nfi\n# This output is used by Xcode 'outputs' to avoid re-running this script phase.\necho \"SUCCESS\" > \"${SCRIPT_OUTPUT_FILE_0}\"\n";
			showEnvVarsInLog = 0;
		};
		B3716278EB8993DE785DCC81 /* [CP] Embed Pods Frameworks */ = {
			isa = PBXShellScriptBuildPhase;
			buildActionMask = 2147483647;
			files = (
			);
			inputFileListPaths = (
				"${PODS_ROOT}/Target Support Files/Pods-LineClone/Pods-LineClone-frameworks-${CONFIGURATION}-input-files.xcfilelist",
			);
			name = "[CP] Embed Pods Frameworks";
			outputFileListPaths = (
				"${PODS_ROOT}/Target Support Files/Pods-LineClone/Pods-LineClone-frameworks-${CONFIGURATION}-output-files.xcfilelist",
			);
			runOnlyForDeploymentPostprocessing = 0;
			shellPath = /bin/sh;
			shellScript = "\"${PODS_ROOT}/Target Support Files/Pods-LineClone/Pods-LineClone-frameworks.sh\"\n";
			showEnvVarsInLog = 0;
		};
/* End PBXShellScriptBuildPhase section */

/* Begin PBXSourcesBuildPhase section */
		A37323122507C319004C9EDA /* Sources */ = {
			isa = PBXSourcesBuildPhase;
			buildActionMask = 2147483647;
			files = (
				A33CA2CA25092A5200E78FB3 /* ChatRoomTableViewCell.swift in Sources */,
				A32BF084251B8E970055EB52 /* UserListViewController.swift in Sources */,
				A373231A2507C319004C9EDA /* AppDelegate.swift in Sources */,
				A37323392507CA34004C9EDA /* ChatListTableViewCell.swift in Sources */,
				A32BF09D251B91CF0055EB52 /* UserListTableViewCell.swift in Sources */,
				A37323322507C59C004C9EDA /* ChatListViewController.swift in Sources */,
				A373231C2507C319004C9EDA /* SceneDelegate.swift in Sources */,
				A373233C2507CE19004C9EDA /* UIColor.swift in Sources */,
				A3D0382B250E7F0A00A10062 /* SignUpViewController.swift in Sources */,
				A31EE62C250BEA080016BC5E /* ChatInputAccessoryView.swift in Sources */,
				A387150E2512705800929053 /* User.swift in Sources */,
				A37323402507D2FD004C9EDA /* ChatRoomViewController.swift in Sources */,
			);
			runOnlyForDeploymentPostprocessing = 0;
		};
/* End PBXSourcesBuildPhase section */

/* Begin PBXVariantGroup section */
		A37323242507C31A004C9EDA /* LaunchScreen.storyboard */ = {
			isa = PBXVariantGroup;
			children = (
				A37323252507C31A004C9EDA /* Base */,
			);
			name = LaunchScreen.storyboard;
			sourceTree = "<group>";
		};
/* End PBXVariantGroup section */

/* Begin XCBuildConfiguration section */
		A37323282507C31A004C9EDA /* Debug */ = {
			isa = XCBuildConfiguration;
			buildSettings = {
				ALWAYS_SEARCH_USER_PATHS = NO;
				CLANG_ANALYZER_NONNULL = YES;
				CLANG_ANALYZER_NUMBER_OBJECT_CONVERSION = YES_AGGRESSIVE;
				CLANG_CXX_LANGUAGE_STANDARD = "gnu++14";
				CLANG_CXX_LIBRARY = "libc++";
				CLANG_ENABLE_MODULES = YES;
				CLANG_ENABLE_OBJC_ARC = YES;
				CLANG_ENABLE_OBJC_WEAK = YES;
				CLANG_WARN_BLOCK_CAPTURE_AUTORELEASING = YES;
				CLANG_WARN_BOOL_CONVERSION = YES;
				CLANG_WARN_COMMA = YES;
				CLANG_WARN_CONSTANT_CONVERSION = YES;
				CLANG_WARN_DEPRECATED_OBJC_IMPLEMENTATIONS = YES;
				CLANG_WARN_DIRECT_OBJC_ISA_USAGE = YES_ERROR;
				CLANG_WARN_DOCUMENTATION_COMMENTS = YES;
				CLANG_WARN_EMPTY_BODY = YES;
				CLANG_WARN_ENUM_CONVERSION = YES;
				CLANG_WARN_INFINITE_RECURSION = YES;
				CLANG_WARN_INT_CONVERSION = YES;
				CLANG_WARN_NON_LITERAL_NULL_CONVERSION = YES;
				CLANG_WARN_OBJC_IMPLICIT_RETAIN_SELF = YES;
				CLANG_WARN_OBJC_LITERAL_CONVERSION = YES;
				CLANG_WARN_OBJC_ROOT_CLASS = YES_ERROR;
				CLANG_WARN_RANGE_LOOP_ANALYSIS = YES;
				CLANG_WARN_STRICT_PROTOTYPES = YES;
				CLANG_WARN_SUSPICIOUS_MOVE = YES;
				CLANG_WARN_UNGUARDED_AVAILABILITY = YES_AGGRESSIVE;
				CLANG_WARN_UNREACHABLE_CODE = YES;
				CLANG_WARN__DUPLICATE_METHOD_MATCH = YES;
				COPY_PHASE_STRIP = NO;
				DEBUG_INFORMATION_FORMAT = dwarf;
				ENABLE_STRICT_OBJC_MSGSEND = YES;
				ENABLE_TESTABILITY = YES;
				GCC_C_LANGUAGE_STANDARD = gnu11;
				GCC_DYNAMIC_NO_PIC = NO;
				GCC_NO_COMMON_BLOCKS = YES;
				GCC_OPTIMIZATION_LEVEL = 0;
				GCC_PREPROCESSOR_DEFINITIONS = (
					"DEBUG=1",
					"$(inherited)",
				);
				GCC_WARN_64_TO_32_BIT_CONVERSION = YES;
				GCC_WARN_ABOUT_RETURN_TYPE = YES_ERROR;
				GCC_WARN_UNDECLARED_SELECTOR = YES;
				GCC_WARN_UNINITIALIZED_AUTOS = YES_AGGRESSIVE;
				GCC_WARN_UNUSED_FUNCTION = YES;
				GCC_WARN_UNUSED_VARIABLE = YES;
				IPHONEOS_DEPLOYMENT_TARGET = 13.7;
				MTL_ENABLE_DEBUG_INFO = INCLUDE_SOURCE;
				MTL_FAST_MATH = YES;
				ONLY_ACTIVE_ARCH = YES;
				SDKROOT = iphoneos;
				SWIFT_ACTIVE_COMPILATION_CONDITIONS = DEBUG;
				SWIFT_OPTIMIZATION_LEVEL = "-Onone";
			};
			name = Debug;
		};
		A37323292507C31A004C9EDA /* Release */ = {
			isa = XCBuildConfiguration;
			buildSettings = {
				ALWAYS_SEARCH_USER_PATHS = NO;
				CLANG_ANALYZER_NONNULL = YES;
				CLANG_ANALYZER_NUMBER_OBJECT_CONVERSION = YES_AGGRESSIVE;
				CLANG_CXX_LANGUAGE_STANDARD = "gnu++14";
				CLANG_CXX_LIBRARY = "libc++";
				CLANG_ENABLE_MODULES = YES;
				CLANG_ENABLE_OBJC_ARC = YES;
				CLANG_ENABLE_OBJC_WEAK = YES;
				CLANG_WARN_BLOCK_CAPTURE_AUTORELEASING = YES;
				CLANG_WARN_BOOL_CONVERSION = YES;
				CLANG_WARN_COMMA = YES;
				CLANG_WARN_CONSTANT_CONVERSION = YES;
				CLANG_WARN_DEPRECATED_OBJC_IMPLEMENTATIONS = YES;
				CLANG_WARN_DIRECT_OBJC_ISA_USAGE = YES_ERROR;
				CLANG_WARN_DOCUMENTATION_COMMENTS = YES;
				CLANG_WARN_EMPTY_BODY = YES;
				CLANG_WARN_ENUM_CONVERSION = YES;
				CLANG_WARN_INFINITE_RECURSION = YES;
				CLANG_WARN_INT_CONVERSION = YES;
				CLANG_WARN_NON_LITERAL_NULL_CONVERSION = YES;
				CLANG_WARN_OBJC_IMPLICIT_RETAIN_SELF = YES;
				CLANG_WARN_OBJC_LITERAL_CONVERSION = YES;
				CLANG_WARN_OBJC_ROOT_CLASS = YES_ERROR;
				CLANG_WARN_RANGE_LOOP_ANALYSIS = YES;
				CLANG_WARN_STRICT_PROTOTYPES = YES;
				CLANG_WARN_SUSPICIOUS_MOVE = YES;
				CLANG_WARN_UNGUARDED_AVAILABILITY = YES_AGGRESSIVE;
				CLANG_WARN_UNREACHABLE_CODE = YES;
				CLANG_WARN__DUPLICATE_METHOD_MATCH = YES;
				COPY_PHASE_STRIP = NO;
				DEBUG_INFORMATION_FORMAT = "dwarf-with-dsym";
				ENABLE_NS_ASSERTIONS = NO;
				ENABLE_STRICT_OBJC_MSGSEND = YES;
				GCC_C_LANGUAGE_STANDARD = gnu11;
				GCC_NO_COMMON_BLOCKS = YES;
				GCC_WARN_64_TO_32_BIT_CONVERSION = YES;
				GCC_WARN_ABOUT_RETURN_TYPE = YES_ERROR;
				GCC_WARN_UNDECLARED_SELECTOR = YES;
				GCC_WARN_UNINITIALIZED_AUTOS = YES_AGGRESSIVE;
				GCC_WARN_UNUSED_FUNCTION = YES;
				GCC_WARN_UNUSED_VARIABLE = YES;
				IPHONEOS_DEPLOYMENT_TARGET = 13.7;
				MTL_ENABLE_DEBUG_INFO = NO;
				MTL_FAST_MATH = YES;
				SDKROOT = iphoneos;
				SWIFT_COMPILATION_MODE = wholemodule;
				SWIFT_OPTIMIZATION_LEVEL = "-O";
				VALIDATE_PRODUCT = YES;
			};
			name = Release;
		};
		A373232B2507C31A004C9EDA /* Debug */ = {
			isa = XCBuildConfiguration;
			baseConfigurationReference = 1BF74F61029C92EE1F3C4B61 /* Pods-LineClone.debug.xcconfig */;
			buildSettings = {
				ASSETCATALOG_COMPILER_APPICON_NAME = AppIcon;
				CODE_SIGN_STYLE = Automatic;
				DEVELOPMENT_TEAM = 58P548H5HJ;
				INFOPLIST_FILE = LineClone/Info.plist;
				LD_RUNPATH_SEARCH_PATHS = (
					"$(inherited)",
					"@executable_path/Frameworks",
				);
				PRODUCT_BUNDLE_IDENTIFIER = jh.LineClone;
				PRODUCT_NAME = "$(TARGET_NAME)";
				SWIFT_VERSION = 5.0;
				TARGETED_DEVICE_FAMILY = "1,2";
			};
			name = Debug;
		};
		A373232C2507C31A004C9EDA /* Release */ = {
			isa = XCBuildConfiguration;
			baseConfigurationReference = DBBB5EFBC407D15B3BB379C0 /* Pods-LineClone.release.xcconfig */;
			buildSettings = {
				ASSETCATALOG_COMPILER_APPICON_NAME = AppIcon;
				CODE_SIGN_STYLE = Automatic;
				DEVELOPMENT_TEAM = 58P548H5HJ;
				INFOPLIST_FILE = LineClone/Info.plist;
				LD_RUNPATH_SEARCH_PATHS = (
					"$(inherited)",
					"@executable_path/Frameworks",
				);
				PRODUCT_BUNDLE_IDENTIFIER = jh.LineClone;
				PRODUCT_NAME = "$(TARGET_NAME)";
				SWIFT_VERSION = 5.0;
				TARGETED_DEVICE_FAMILY = "1,2";
			};
			name = Release;
		};
/* End XCBuildConfiguration section */

/* Begin XCConfigurationList section */
		A37323112507C319004C9EDA /* Build configuration list for PBXProject "LineClone" */ = {
			isa = XCConfigurationList;
			buildConfigurations = (
				A37323282507C31A004C9EDA /* Debug */,
				A37323292507C31A004C9EDA /* Release */,
			);
			defaultConfigurationIsVisible = 0;
			defaultConfigurationName = Release;
		};
		A373232A2507C31A004C9EDA /* Build configuration list for PBXNativeTarget "LineClone" */ = {
			isa = XCConfigurationList;
			buildConfigurations = (
				A373232B2507C31A004C9EDA /* Debug */,
				A373232C2507C31A004C9EDA /* Release */,
			);
			defaultConfigurationIsVisible = 0;
			defaultConfigurationName = Release;
		};
/* End XCConfigurationList section */
	};
	rootObject = A373230E2507C319004C9EDA /* Project object */;
}
